
Microsoft Visual Studio Solution File, Format Version 12.00
# Visual Studio 15
VisualStudioVersion = 15.0.28307.168
MinimumVisualStudioVersion = 10.0.40219.1
Project("{888888A0-9F3D-457C-B088-3A5042F75D52}") = "ClangTidyReporter", "ClangTidyReporter.pyproj", "{8FD44B8D-783E-431D-A461-1620CD45504F}"
EndProject
Global
	GlobalSection(SolutionConfigurationPlatforms) = preSolution
		Debug|Any CPU = Debug|Any CPU
		Release|Any CPU = Release|Any CPU
	EndGlobalSection
	GlobalSection(ProjectConfigurationPlatforms) = postSolution
		{8FD44B8D-783E-431D-A461-1620CD45504F}.Debug|Any CPU.ActiveCfg = Debug|Any CPU
		{8FD44B8D-783E-431D-A461-1620CD45504F}.Release|Any CPU.ActiveCfg = Release|Any CPU
	EndGlobalSection
	GlobalSection(SolutionProperties) = preSolution
		HideSolutionNode = FALSE
	EndGlobalSection
	GlobalSection(ExtensibilityGlobals) = postSolution
		SolutionGuid = {1BD233F0-EA8C-4AE4-B793-DB1EAF235A46}
	EndGlobalSection
EndGlobal
